
Microsoft Visual Studio Solution File, Format Version 12.00
Project("{2150E333-8FDC-42A3-9474-1A3956D46DE8}") = "General", "General", "{E6659B2C-438C-46BE-9F11-FE0C7585D8FF}"
EndProject
Project("{FAE04EC0-301F-11D3-BF4B-00C04F79EFBC}") = "AiTester.Client", "AiTester.Client\AiTester.Client.csproj", "{74AEA6F6-C800-48B5-91B2-4096F64EDF89}"
EndProject
Project("{2150E333-8FDC-42A3-9474-1A3956D46DE8}") = "Quoridor", "Quoridor", "{39C693E2-CEC9-456C-84DC-C1A310E9DF3D}"
EndProject
Project("{FAE04EC0-301F-11D3-BF4B-00C04F79EFBC}") = "Quoridor.Core", "Quoridor.Core\Quoridor.Core.csproj", "{12BC75C8-AFFF-423F-AE88-A18A4BDAD646}"
EndProject
Project("{FAE04EC0-301F-11D3-BF4B-00C04F79EFBC}") = "Quoridor.Client", "Quoridor.Client\Quoridor.Client.csproj", "{7B40E8EA-62D8-4371-8D6C-B7D6432A4141}"
EndProject
Project("{FAE04EC0-301F-11D3-BF4B-00C04F79EFBC}") = "Quoridor.Tests", "Quoridor.Tests\Quoridor.Tests.csproj", "{4C561220-E68A-4176-AC94-FA01E1C80135}"
EndProject
Project("{FAE04EC0-301F-11D3-BF4B-00C04F79EFBC}") = "Utils", "Utils\Utils.csproj", "{F849CF36-4A7F-452C-BE87-A58D14F93300}"
EndProject
Project("{FAE04EC0-301F-11D3-BF4B-00C04F79EFBC}") = "Quoridor.AiTester", "Quoridor.AiTester\Quoridor.AiTester.csproj", "{41F1806B-F6D3-428E-A7C3-DC20EDE8068C}"
EndProject
Project("{FAE04EC0-301F-11D3-BF4B-00C04F79EFBC}") = "AiTester.Contest", "AiTester.Contest\AiTester.Contest.csproj", "{3193DA6C-E618-4894-A486-AD708163FAA6}"
EndProject
Project("{FAE04EC0-301F-11D3-BF4B-00C04F79EFBC}") = "Quoridor.Contest", "Quoridor.Contest\Quoridor.Contest.csproj", "{7FB0111B-BF3E-41C3-B863-8889EC543E74}"
EndProject
Global
	GlobalSection(SolutionConfigurationPlatforms) = preSolution
		Debug|Any CPU = Debug|Any CPU
		Release|Any CPU = Release|Any CPU
	EndGlobalSection
	GlobalSection(NestedProjects) = preSolution
		{74AEA6F6-C800-48B5-91B2-4096F64EDF89} = {E6659B2C-438C-46BE-9F11-FE0C7585D8FF}
		{12BC75C8-AFFF-423F-AE88-A18A4BDAD646} = {39C693E2-CEC9-456C-84DC-C1A310E9DF3D}
		{7B40E8EA-62D8-4371-8D6C-B7D6432A4141} = {39C693E2-CEC9-456C-84DC-C1A310E9DF3D}
		{4C561220-E68A-4176-AC94-FA01E1C80135} = {39C693E2-CEC9-456C-84DC-C1A310E9DF3D}
		{F849CF36-4A7F-452C-BE87-A58D14F93300} = {E6659B2C-438C-46BE-9F11-FE0C7585D8FF}
		{41F1806B-F6D3-428E-A7C3-DC20EDE8068C} = {39C693E2-CEC9-456C-84DC-C1A310E9DF3D}
		{3193DA6C-E618-4894-A486-AD708163FAA6} = {E6659B2C-438C-46BE-9F11-FE0C7585D8FF}
		{7FB0111B-BF3E-41C3-B863-8889EC543E74} = {39C693E2-CEC9-456C-84DC-C1A310E9DF3D}
	EndGlobalSection
	GlobalSection(ProjectConfigurationPlatforms) = postSolution
		{74AEA6F6-C800-48B5-91B2-4096F64EDF89}.Debug|Any CPU.ActiveCfg = Debug|Any CPU
		{74AEA6F6-C800-48B5-91B2-4096F64EDF89}.Debug|Any CPU.Build.0 = Debug|Any CPU
		{74AEA6F6-C800-48B5-91B2-4096F64EDF89}.Release|Any CPU.ActiveCfg = Release|Any CPU
		{74AEA6F6-C800-48B5-91B2-4096F64EDF89}.Release|Any CPU.Build.0 = Release|Any CPU
		{12BC75C8-AFFF-423F-AE88-A18A4BDAD646}.Debug|Any CPU.ActiveCfg = Debug|Any CPU
		{12BC75C8-AFFF-423F-AE88-A18A4BDAD646}.Debug|Any CPU.Build.0 = Debug|Any CPU
		{12BC75C8-AFFF-423F-AE88-A18A4BDAD646}.Release|Any CPU.ActiveCfg = Release|Any CPU
		{12BC75C8-AFFF-423F-AE88-A18A4BDAD646}.Release|Any CPU.Build.0 = Release|Any CPU
		{7B40E8EA-62D8-4371-8D6C-B7D6432A4141}.Debug|Any CPU.ActiveCfg = Debug|Any CPU
		{7B40E8EA-62D8-4371-8D6C-B7D6432A4141}.Debug|Any CPU.Build.0 = Debug|Any CPU
		{7B40E8EA-62D8-4371-8D6C-B7D6432A4141}.Release|Any CPU.ActiveCfg = Release|Any CPU
		{7B40E8EA-62D8-4371-8D6C-B7D6432A4141}.Release|Any CPU.Build.0 = Release|Any CPU
		{4C561220-E68A-4176-AC94-FA01E1C80135}.Debug|Any CPU.ActiveCfg = Debug|Any CPU
		{4C561220-E68A-4176-AC94-FA01E1C80135}.Debug|Any CPU.Build.0 = Debug|Any CPU
		{4C561220-E68A-4176-AC94-FA01E1C80135}.Release|Any CPU.ActiveCfg = Release|Any CPU
		{4C561220-E68A-4176-AC94-FA01E1C80135}.Release|Any CPU.Build.0 = Release|Any CPU
		{F849CF36-4A7F-452C-BE87-A58D14F93300}.Debug|Any CPU.ActiveCfg = Debug|Any CPU
		{F849CF36-4A7F-452C-BE87-A58D14F93300}.Debug|Any CPU.Build.0 = Debug|Any CPU
		{F849CF36-4A7F-452C-BE87-A58D14F93300}.Release|Any CPU.ActiveCfg = Release|Any CPU
		{F849CF36-4A7F-452C-BE87-A58D14F93300}.Release|Any CPU.Build.0 = Release|Any CPU
		{41F1806B-F6D3-428E-A7C3-DC20EDE8068C}.Debug|Any CPU.ActiveCfg = Debug|Any CPU
		{41F1806B-F6D3-428E-A7C3-DC20EDE8068C}.Debug|Any CPU.Build.0 = Debug|Any CPU
		{41F1806B-F6D3-428E-A7C3-DC20EDE8068C}.Release|Any CPU.ActiveCfg = Release|Any CPU
		{41F1806B-F6D3-428E-A7C3-DC20EDE8068C}.Release|Any CPU.Build.0 = Release|Any CPU
		{3193DA6C-E618-4894-A486-AD708163FAA6}.Debug|Any CPU.ActiveCfg = Debug|Any CPU
		{3193DA6C-E618-4894-A486-AD708163FAA6}.Debug|Any CPU.Build.0 = Debug|Any CPU
		{3193DA6C-E618-4894-A486-AD708163FAA6}.Release|Any CPU.ActiveCfg = Release|Any CPU
		{3193DA6C-E618-4894-A486-AD708163FAA6}.Release|Any CPU.Build.0 = Release|Any CPU
		{7FB0111B-BF3E-41C3-B863-8889EC543E74}.Debug|Any CPU.ActiveCfg = Debug|Any CPU
		{7FB0111B-BF3E-41C3-B863-8889EC543E74}.Debug|Any CPU.Build.0 = Debug|Any CPU
		{7FB0111B-BF3E-41C3-B863-8889EC543E74}.Release|Any CPU.ActiveCfg = Release|Any CPU
		{7FB0111B-BF3E-41C3-B863-8889EC543E74}.Release|Any CPU.Build.0 = Release|Any CPU
	EndGlobalSection
EndGlobal
